
Microsoft Visual Studio Solution File, Format Version 10.00
# Visual C# Express 2008
Project("{FAE04EC0-301F-11D3-BF4B-00C04F79EFBC}") = "Chain 3D", "Chain 3D.csproj", "{C209FA02-FFA3-446E-B4CC-6AD47C457309}"
EndProject
Global
	GlobalSection(SolutionConfigurationPlatforms) = preSolution
		Debug|Any CPU = Debug|Any CPU
		Release|Any CPU = Release|Any CPU
	EndGlobalSection
	GlobalSection(ProjectConfigurationPlatforms) = postSolution
		{C209FA02-FFA3-446E-B4CC-6AD47C457309}.Debug|Any CPU.ActiveCfg = Debug|Any CPU
		{C209FA02-FFA3-446E-B4CC-6AD47C457309}.Debug|Any CPU.Build.0 = Debug|Any CPU
		{C209FA02-FFA3-446E-B4CC-6AD47C457309}.Release|Any CPU.ActiveCfg = Release|Any CPU
		{C209FA02-FFA3-446E-B4CC-6AD47C457309}.Release|Any CPU.Build.0 = Release|Any CPU
	EndGlobalSection
	GlobalSection(SolutionProperties) = preSolution
		HideSolutionNode = FALSE
	EndGlobalSection
EndGlobal
